
Microsoft Visual Studio Solution File, Format Version 12.00
# Visual Studio 2012
Project("{FAE04EC0-301F-11D3-BF4B-00C04F79EFBC}") = "ConsoleSimHub MK2", "ConsoleSimHub MK2\ConsoleSimHub MK2.csproj", "{196C1F8A-C26A-4BD3-9160-4D1189A5E284}"
EndProject
Global
	GlobalSection(SolutionConfigurationPlatforms) = preSolution
		Debug|Any CPU = Debug|Any CPU
		Release|Any CPU = Release|Any CPU
	EndGlobalSection
	GlobalSection(ProjectConfigurationPlatforms) = postSolution
		{196C1F8A-C26A-4BD3-9160-4D1189A5E284}.Debug|Any CPU.ActiveCfg = Debug|Any CPU
		{196C1F8A-C26A-4BD3-9160-4D1189A5E284}.Debug|Any CPU.Build.0 = Debug|Any CPU
		{196C1F8A-C26A-4BD3-9160-4D1189A5E284}.Release|Any CPU.ActiveCfg = Release|Any CPU
		{196C1F8A-C26A-4BD3-9160-4D1189A5E284}.Release|Any CPU.Build.0 = Release|Any CPU
	EndGlobalSection
	GlobalSection(SolutionProperties) = preSolution
		HideSolutionNode = FALSE
	EndGlobalSection
EndGlobal
